
Microsoft Visual Studio Solution File, Format Version 12.00
# Visual Studio Version 16
VisualStudioVersion = 16.0.31019.35
MinimumVisualStudioVersion = 10.0.40219.1
Project("{F184B08F-C81C-45F6-A57F-5ABD9991F28F}") = "TutorialsPoint", "TutorialsPoint.vbproj", "{B9AD2CEA-BB1A-4BFB-9161-F169E413564C}"
EndProject
Global
	GlobalSection(SolutionConfigurationPlatforms) = preSolution
		Debug|Any CPU = Debug|Any CPU
		Release|Any CPU = Release|Any CPU
	EndGlobalSection
	GlobalSection(ProjectConfigurationPlatforms) = postSolution
		{B9AD2CEA-BB1A-4BFB-9161-F169E413564C}.Debug|Any CPU.ActiveCfg = Debug|Any CPU
		{B9AD2CEA-BB1A-4BFB-9161-F169E413564C}.Debug|Any CPU.Build.0 = Debug|Any CPU
		{B9AD2CEA-BB1A-4BFB-9161-F169E413564C}.Release|Any CPU.ActiveCfg = Release|Any CPU
		{B9AD2CEA-BB1A-4BFB-9161-F169E413564C}.Release|Any CPU.Build.0 = Release|Any CPU
	EndGlobalSection
	GlobalSection(SolutionProperties) = preSolution
		HideSolutionNode = FALSE
	EndGlobalSection
	GlobalSection(ExtensibilityGlobals) = postSolution
		SolutionGuid = {ED267E3A-8AA3-43E8-A0A0-46CBA793DC3D}
	EndGlobalSection
EndGlobal
